// !$*UTF8*$!
{
	archiveVersion = 1;
	classes = {
	};
	objectVersion = 56;
	objects = {

/* Begin PBXBuildFile section */
		5502B9B02B1D681900C544A2 /* MockServer.swift in Sources */ = {isa = PBXBuildFile; fileRef = 5502B9AF2B1D681900C544A2 /* MockServer.swift */; };
		5502B9B32B1D70F100C544A2 /* MockAuthApi.swift in Sources */ = {isa = PBXBuildFile; fileRef = 5502B9B22B1D70F100C544A2 /* MockAuthApi.swift */; };
		5502B9B52B1D714300C544A2 /* MockNameCardApi.swift in Sources */ = {isa = PBXBuildFile; fileRef = 5502B9B42B1D714300C544A2 /* MockNameCardApi.swift */; };
		5502B9B72B1D720600C544A2 /* Data+Extension.swift in Sources */ = {isa = PBXBuildFile; fileRef = 5502B9B62B1D720600C544A2 /* Data+Extension.swift */; };
		5511D52D2B1254B5000ADA01 /* Text+Extension.swift in Sources */ = {isa = PBXBuildFile; fileRef = 5511D52C2B1254B5000ADA01 /* Text+Extension.swift */; };
		5511D52F2B1255F0000ADA01 /* View+Extension.swift in Sources */ = {isa = PBXBuildFile; fileRef = 5511D52E2B1255F0000ADA01 /* View+Extension.swift */; };
		5511D5312B12823E000ADA01 /* LoginViewModelTests.swift in Sources */ = {isa = PBXBuildFile; fileRef = 5511D5302B12823E000ADA01 /* LoginViewModelTests.swift */; };
		551D2CF42B23F0310001C342 /* BasePagination.swift in Sources */ = {isa = PBXBuildFile; fileRef = 551D2CF32B23F0310001C342 /* BasePagination.swift */; };
		55220D7E2B1C11CB00840F71 /* login.json in Resources */ = {isa = PBXBuildFile; fileRef = 55220D7D2B1C11CB00840F71 /* login.json */; };
		55220D812B1C13D700840F71 /* MockAPIClient.swift in Sources */ = {isa = PBXBuildFile; fileRef = 55220D802B1C13D700840F71 /* MockAPIClient.swift */; };
		552C81A22B13AACA00E38B0B /* Card.swift in Sources */ = {isa = PBXBuildFile; fileRef = 552C81A12B13AACA00E38B0B /* Card.swift */; };
		552F41522B1819D50092146B /* LoadingView.swift in Sources */ = {isa = PBXBuildFile; fileRef = 552F41512B1819D50092146B /* LoadingView.swift */; };
		554017252B2E7EA7007B9607 /* name_cards_search.json in Resources */ = {isa = PBXBuildFile; fileRef = 554017242B2E7EA7007B9607 /* name_cards_search.json */; };
		554017272B2E8179007B9607 /* HomeViewModelTests.swift in Sources */ = {isa = PBXBuildFile; fileRef = 554017262B2E8179007B9607 /* HomeViewModelTests.swift */; };
		5543BA5A2B2BE6B500035E39 /* DetectViewModel.swift in Sources */ = {isa = PBXBuildFile; fileRef = 5543BA592B2BE6B500035E39 /* DetectViewModel.swift */; };
		5549CF112B2952D40022D861 /* WeScan in Frameworks */ = {isa = PBXBuildFile; productRef = 5549CF102B2952D40022D861 /* WeScan */; };
		5549CF132B2952E30022D861 /* WeScanView.swift in Sources */ = {isa = PBXBuildFile; fileRef = 5549CF122B2952E30022D861 /* WeScanView.swift */; };
		556E845B2B1EB66E000E915B /* name_cards.json in Resources */ = {isa = PBXBuildFile; fileRef = 556E845A2B1EB66E000E915B /* name_cards.json */; };
		556F7CB12B15724A001FC880 /* NameCardView.swift in Sources */ = {isa = PBXBuildFile; fileRef = 556F7CB02B15724A001FC880 /* NameCardView.swift */; };
		556F7CBC2B1573E7001FC880 /* ItemCardView.swift in Sources */ = {isa = PBXBuildFile; fileRef = 556F7CBB2B1573E7001FC880 /* ItemCardView.swift */; };
		556F7CBE2B157A5F001FC880 /* DetailView.swift in Sources */ = {isa = PBXBuildFile; fileRef = 556F7CBD2B157A5F001FC880 /* DetailView.swift */; };
		558946C82B1109B800AFB838 /* Requestable.swift in Sources */ = {isa = PBXBuildFile; fileRef = 558946C72B1109B800AFB838 /* Requestable.swift */; };
		558946CA2B110B1D00AFB838 /* Responable.swift in Sources */ = {isa = PBXBuildFile; fileRef = 558946C92B110B1D00AFB838 /* Responable.swift */; };
		558946CE2B11306900AFB838 /* AuthApi.swift in Sources */ = {isa = PBXBuildFile; fileRef = 558946CD2B11306900AFB838 /* AuthApi.swift */; };
		558946D12B11321F00AFB838 /* Const.swift in Sources */ = {isa = PBXBuildFile; fileRef = 558946D02B11321F00AFB838 /* Const.swift */; };
		558946D32B1133E900AFB838 /* APIClient.swift in Sources */ = {isa = PBXBuildFile; fileRef = 558946D22B1133E900AFB838 /* APIClient.swift */; };
		558946D62B11391600AFB838 /* BaseRepository.swift in Sources */ = {isa = PBXBuildFile; fileRef = 558946D52B11391600AFB838 /* BaseRepository.swift */; };
		558946D82B11399F00AFB838 /* RequestExecutor.swift in Sources */ = {isa = PBXBuildFile; fileRef = 558946D72B11399F00AFB838 /* RequestExecutor.swift */; };
		558946DA2B113AC300AFB838 /* AuthRepository.swift in Sources */ = {isa = PBXBuildFile; fileRef = 558946D92B113AC300AFB838 /* AuthRepository.swift */; };
		558946DD2B113B3000AFB838 /* Base.swift in Sources */ = {isa = PBXBuildFile; fileRef = 558946DC2B113B3000AFB838 /* Base.swift */; };
		558946DF2B113BD300AFB838 /* Login.swift in Sources */ = {isa = PBXBuildFile; fileRef = 558946DE2B113BD300AFB838 /* Login.swift */; };
		558946E12B113EA200AFB838 /* BaseViewModel.swift in Sources */ = {isa = PBXBuildFile; fileRef = 558946E02B113EA200AFB838 /* BaseViewModel.swift */; };
		558946E32B113EFD00AFB838 /* LoginViewModel.swift in Sources */ = {isa = PBXBuildFile; fileRef = 558946E22B113EFD00AFB838 /* LoginViewModel.swift */; };
		558946E52B1142E100AFB838 /* LoginView.swift in Sources */ = {isa = PBXBuildFile; fileRef = 558946E42B1142E100AFB838 /* LoginView.swift */; };
		558946E72B11810A00AFB838 /* Color+Extension.swift in Sources */ = {isa = PBXBuildFile; fileRef = 558946E62B11810A00AFB838 /* Color+Extension.swift */; };
		558946E92B11888200AFB838 /* Button+Style.swift in Sources */ = {isa = PBXBuildFile; fileRef = 558946E82B11888200AFB838 /* Button+Style.swift */; };
		558946EE2B118A7C00AFB838 /* Font+Extension.swift in Sources */ = {isa = PBXBuildFile; fileRef = 558946ED2B118A7C00AFB838 /* Font+Extension.swift */; };
		558946F12B1194A400AFB838 /* Dictionary+Extension.swift in Sources */ = {isa = PBXBuildFile; fileRef = 558946F02B1194A400AFB838 /* Dictionary+Extension.swift */; };
		558E7BA72B7EEEFC00C70C39 /* HomeView.swift in Sources */ = {isa = PBXBuildFile; fileRef = 558E7BA62B7EEEFC00C70C39 /* HomeView.swift */; };
		558E7BAC2B7EF11F00C70C39 /* DealView.swift in Sources */ = {isa = PBXBuildFile; fileRef = 558E7BAB2B7EF11F00C70C39 /* DealView.swift */; };
		558E7BAE2B7EF17500C70C39 /* MyDealView.swift in Sources */ = {isa = PBXBuildFile; fileRef = 558E7BAD2B7EF17500C70C39 /* MyDealView.swift */; };
		558E7BB02B7EF19900C70C39 /* NotificationView.swift in Sources */ = {isa = PBXBuildFile; fileRef = 558E7BAF2B7EF19900C70C39 /* NotificationView.swift */; };
		558E7BB32B7EF1E400C70C39 /* EventView.swift in Sources */ = {isa = PBXBuildFile; fileRef = 558E7BB22B7EF1E400C70C39 /* EventView.swift */; };
		558E7BB62B7EF33D00C70C39 /* MenuView.swift in Sources */ = {isa = PBXBuildFile; fileRef = 558E7BB52B7EF33D00C70C39 /* MenuView.swift */; };
		558E7BBA2B7F00F500C70C39 /* Comfortaa-Regular.ttf in Resources */ = {isa = PBXBuildFile; fileRef = 558E7BB92B7F00F500C70C39 /* Comfortaa-Regular.ttf */; };
		558E7BBE2B7F04D900C70C39 /* Inter-Regular.ttf in Resources */ = {isa = PBXBuildFile; fileRef = 558E7BBB2B7F04D900C70C39 /* Inter-Regular.ttf */; };
		558E7BBF2B7F04D900C70C39 /* Inter-Light.ttf in Resources */ = {isa = PBXBuildFile; fileRef = 558E7BBC2B7F04D900C70C39 /* Inter-Light.ttf */; };
		558E7BC02B7F04D900C70C39 /* Inter-Medium.ttf in Resources */ = {isa = PBXBuildFile; fileRef = 558E7BBD2B7F04D900C70C39 /* Inter-Medium.ttf */; };
		5598F4322B1100FE0063E864 /* NameCardIOSApp.swift in Sources */ = {isa = PBXBuildFile; fileRef = 5598F4312B1100FE0063E864 /* NameCardIOSApp.swift */; };
		5598F4342B1100FE0063E864 /* ContentView.swift in Sources */ = {isa = PBXBuildFile; fileRef = 5598F4332B1100FE0063E864 /* ContentView.swift */; };
		5598F4362B1101000063E864 /* Assets.xcassets in Resources */ = {isa = PBXBuildFile; fileRef = 5598F4352B1101000063E864 /* Assets.xcassets */; };
		5598F4392B1101000063E864 /* Preview Assets.xcassets in Resources */ = {isa = PBXBuildFile; fileRef = 5598F4382B1101000063E864 /* Preview Assets.xcassets */; };
		5598F4432B1101000063E864 /* NameCardIOSTests.swift in Sources */ = {isa = PBXBuildFile; fileRef = 5598F4422B1101000063E864 /* NameCardIOSTests.swift */; };
		5598F44D2B1101000063E864 /* NameCardIOSUITests.swift in Sources */ = {isa = PBXBuildFile; fileRef = 5598F44C2B1101000063E864 /* NameCardIOSUITests.swift */; };
		5598F44F2B1101000063E864 /* NameCardIOSUITestsLaunchTests.swift in Sources */ = {isa = PBXBuildFile; fileRef = 5598F44E2B1101000063E864 /* NameCardIOSUITestsLaunchTests.swift */; };
		55A82EDA2B16D6CA001C3F91 /* NameCardApi.swift in Sources */ = {isa = PBXBuildFile; fileRef = 55A82ED92B16D6CA001C3F91 /* NameCardApi.swift */; };
		55A82EDC2B16D835001C3F91 /* NameCardRepository.swift in Sources */ = {isa = PBXBuildFile; fileRef = 55A82EDB2B16D835001C3F91 /* NameCardRepository.swift */; };
		55A82EDE2B16D986001C3F91 /* NameCardViewModel.swift in Sources */ = {isa = PBXBuildFile; fileRef = 55A82EDD2B16D986001C3F91 /* NameCardViewModel.swift */; };
		55A82EE02B16D9CF001C3F91 /* ViewState.swift in Sources */ = {isa = PBXBuildFile; fileRef = 55A82EDF2B16D9CF001C3F91 /* ViewState.swift */; };
		55A82EE22B16DC88001C3F91 /* String+Extension.swift in Sources */ = {isa = PBXBuildFile; fileRef = 55A82EE12B16DC88001C3F91 /* String+Extension.swift */; };
		55BB2DD42B2AA1E2003A7113 /* DetectView.swift in Sources */ = {isa = PBXBuildFile; fileRef = 55BB2DD32B2AA1E2003A7113 /* DetectView.swift */; };
		55BB36902B649350002C16D6 /* MyQRCodeView.swift in Sources */ = {isa = PBXBuildFile; fileRef = 55BB368F2B649350002C16D6 /* MyQRCodeView.swift */; };
		55BB36922B649460002C16D6 /* MyQRCodeViewModel.swift in Sources */ = {isa = PBXBuildFile; fileRef = 55BB36912B649460002C16D6 /* MyQRCodeViewModel.swift */; };
		55CBF3082B2FD9C200AAA43E /* VMFactory.swift in Sources */ = {isa = PBXBuildFile; fileRef = 55CBF3072B2FD9C200AAA43E /* VMFactory.swift */; };
		55CBF30A2B2FDB8C00AAA43E /* HomeViewUITests.swift in Sources */ = {isa = PBXBuildFile; fileRef = 55CBF3092B2FDB8C00AAA43E /* HomeViewUITests.swift */; };
		55CBF30C2B2FDBE600AAA43E /* Config.swift in Sources */ = {isa = PBXBuildFile; fileRef = 55CBF30B2B2FDBE600AAA43E /* Config.swift */; };
		55DCCE4D2B689856000ABEB8 /* ProfileApi.swift in Sources */ = {isa = PBXBuildFile; fileRef = 55DCCE4C2B689856000ABEB8 /* ProfileApi.swift */; };
		55DCCE4F2B6898A8000ABEB8 /* MockProfileApi.swift in Sources */ = {isa = PBXBuildFile; fileRef = 55DCCE4E2B6898A8000ABEB8 /* MockProfileApi.swift */; };
		55DCCE512B689914000ABEB8 /* ProfileRepository.swift in Sources */ = {isa = PBXBuildFile; fileRef = 55DCCE502B689914000ABEB8 /* ProfileRepository.swift */; };
		55DCCE532B68997C000ABEB8 /* Profile.swift in Sources */ = {isa = PBXBuildFile; fileRef = 55DCCE522B68997C000ABEB8 /* Profile.swift */; };
		55F6745B2B1970600066E6EF /* LoginViewUITests.swift in Sources */ = {isa = PBXBuildFile; fileRef = 55F6745A2B1970600066E6EF /* LoginViewUITests.swift */; };
/* End PBXBuildFile section */

/* Begin PBXContainerItemProxy section */
		5598F43F2B1101000063E864 /* PBXContainerItemProxy */ = {
			isa = PBXContainerItemProxy;
			containerPortal = 5598F4262B1100FE0063E864 /* Project object */;
			proxyType = 1;
			remoteGlobalIDString = 5598F42D2B1100FE0063E864;
			remoteInfo = NameCardIOS;
		};
		5598F4492B1101000063E864 /* PBXContainerItemProxy */ = {
			isa = PBXContainerItemProxy;
			containerPortal = 5598F4262B1100FE0063E864 /* Project object */;
			proxyType = 1;
			remoteGlobalIDString = 5598F42D2B1100FE0063E864;
			remoteInfo = NameCardIOS;
		};
/* End PBXContainerItemProxy section */

/* Begin PBXFileReference section */
		5502B9AF2B1D681900C544A2 /* MockServer.swift */ = {isa = PBXFileReference; lastKnownFileType = sourcecode.swift; path = MockServer.swift; sourceTree = "<group>"; };
		5502B9B22B1D70F100C544A2 /* MockAuthApi.swift */ = {isa = PBXFileReference; lastKnownFileType = sourcecode.swift; path = MockAuthApi.swift; sourceTree = "<group>"; };
		5502B9B42B1D714300C544A2 /* MockNameCardApi.swift */ = {isa = PBXFileReference; lastKnownFileType = sourcecode.swift; path = MockNameCardApi.swift; sourceTree = "<group>"; };
		5502B9B62B1D720600C544A2 /* Data+Extension.swift */ = {isa = PBXFileReference; lastKnownFileType = sourcecode.swift; path = "Data+Extension.swift"; sourceTree = "<group>"; };
		5511D52C2B1254B5000ADA01 /* Text+Extension.swift */ = {isa = PBXFileReference; lastKnownFileType = sourcecode.swift; path = "Text+Extension.swift"; sourceTree = "<group>"; };
		5511D52E2B1255F0000ADA01 /* View+Extension.swift */ = {isa = PBXFileReference; lastKnownFileType = sourcecode.swift; path = "View+Extension.swift"; sourceTree = "<group>"; };
		5511D5302B12823E000ADA01 /* LoginViewModelTests.swift */ = {isa = PBXFileReference; lastKnownFileType = sourcecode.swift; path = LoginViewModelTests.swift; sourceTree = "<group>"; };
		551D2CF32B23F0310001C342 /* BasePagination.swift */ = {isa = PBXFileReference; lastKnownFileType = sourcecode.swift; path = BasePagination.swift; sourceTree = "<group>"; };
		55220D7D2B1C11CB00840F71 /* login.json */ = {isa = PBXFileReference; lastKnownFileType = text.json; path = login.json; sourceTree = "<group>"; };
		55220D802B1C13D700840F71 /* MockAPIClient.swift */ = {isa = PBXFileReference; lastKnownFileType = sourcecode.swift; path = MockAPIClient.swift; sourceTree = "<group>"; };
		552C81A12B13AACA00E38B0B /* Card.swift */ = {isa = PBXFileReference; lastKnownFileType = sourcecode.swift; path = Card.swift; sourceTree = "<group>"; };
		552F41512B1819D50092146B /* LoadingView.swift */ = {isa = PBXFileReference; lastKnownFileType = sourcecode.swift; path = LoadingView.swift; sourceTree = "<group>"; };
		554017242B2E7EA7007B9607 /* name_cards_search.json */ = {isa = PBXFileReference; lastKnownFileType = text.json; path = name_cards_search.json; sourceTree = "<group>"; };
		554017262B2E8179007B9607 /* HomeViewModelTests.swift */ = {isa = PBXFileReference; lastKnownFileType = sourcecode.swift; path = HomeViewModelTests.swift; sourceTree = "<group>"; };
		5543BA592B2BE6B500035E39 /* DetectViewModel.swift */ = {isa = PBXFileReference; lastKnownFileType = sourcecode.swift; path = DetectViewModel.swift; sourceTree = "<group>"; };
		5549CF122B2952E30022D861 /* WeScanView.swift */ = {isa = PBXFileReference; lastKnownFileType = sourcecode.swift; path = WeScanView.swift; sourceTree = "<group>"; };
		556E845A2B1EB66E000E915B /* name_cards.json */ = {isa = PBXFileReference; lastKnownFileType = text.json; path = name_cards.json; sourceTree = "<group>"; };
		556F7CB02B15724A001FC880 /* NameCardView.swift */ = {isa = PBXFileReference; lastKnownFileType = sourcecode.swift; path = NameCardView.swift; sourceTree = "<group>"; };
		556F7CBB2B1573E7001FC880 /* ItemCardView.swift */ = {isa = PBXFileReference; lastKnownFileType = sourcecode.swift; path = ItemCardView.swift; sourceTree = "<group>"; };
		556F7CBD2B157A5F001FC880 /* DetailView.swift */ = {isa = PBXFileReference; lastKnownFileType = sourcecode.swift; path = DetailView.swift; sourceTree = "<group>"; };
		558946C72B1109B800AFB838 /* Requestable.swift */ = {isa = PBXFileReference; lastKnownFileType = sourcecode.swift; path = Requestable.swift; sourceTree = "<group>"; };
		558946C92B110B1D00AFB838 /* Responable.swift */ = {isa = PBXFileReference; lastKnownFileType = sourcecode.swift; path = Responable.swift; sourceTree = "<group>"; };
		558946CD2B11306900AFB838 /* AuthApi.swift */ = {isa = PBXFileReference; lastKnownFileType = sourcecode.swift; path = AuthApi.swift; sourceTree = "<group>"; };
		558946D02B11321F00AFB838 /* Const.swift */ = {isa = PBXFileReference; lastKnownFileType = sourcecode.swift; path = Const.swift; sourceTree = "<group>"; };
		558946D22B1133E900AFB838 /* APIClient.swift */ = {isa = PBXFileReference; lastKnownFileType = sourcecode.swift; path = APIClient.swift; sourceTree = "<group>"; };
		558946D52B11391600AFB838 /* BaseRepository.swift */ = {isa = PBXFileReference; lastKnownFileType = sourcecode.swift; path = BaseRepository.swift; sourceTree = "<group>"; };
		558946D72B11399F00AFB838 /* RequestExecutor.swift */ = {isa = PBXFileReference; lastKnownFileType = sourcecode.swift; path = RequestExecutor.swift; sourceTree = "<group>"; };
		558946D92B113AC300AFB838 /* AuthRepository.swift */ = {isa = PBXFileReference; lastKnownFileType = sourcecode.swift; path = AuthRepository.swift; sourceTree = "<group>"; };
		558946DC2B113B3000AFB838 /* Base.swift */ = {isa = PBXFileReference; lastKnownFileType = sourcecode.swift; path = Base.swift; sourceTree = "<group>"; };
		558946DE2B113BD300AFB838 /* Login.swift */ = {isa = PBXFileReference; lastKnownFileType = sourcecode.swift; path = Login.swift; sourceTree = "<group>"; };
		558946E02B113EA200AFB838 /* BaseViewModel.swift */ = {isa = PBXFileReference; lastKnownFileType = sourcecode.swift; path = BaseViewModel.swift; sourceTree = "<group>"; };
		558946E22B113EFD00AFB838 /* LoginViewModel.swift */ = {isa = PBXFileReference; lastKnownFileType = sourcecode.swift; path = LoginViewModel.swift; sourceTree = "<group>"; };
		558946E42B1142E100AFB838 /* LoginView.swift */ = {isa = PBXFileReference; lastKnownFileType = sourcecode.swift; path = LoginView.swift; sourceTree = "<group>"; };
		558946E62B11810A00AFB838 /* Color+Extension.swift */ = {isa = PBXFileReference; lastKnownFileType = sourcecode.swift; path = "Color+Extension.swift"; sourceTree = "<group>"; };
		558946E82B11888200AFB838 /* Button+Style.swift */ = {isa = PBXFileReference; lastKnownFileType = sourcecode.swift; path = "Button+Style.swift"; sourceTree = "<group>"; };
		558946ED2B118A7C00AFB838 /* Font+Extension.swift */ = {isa = PBXFileReference; lastKnownFileType = sourcecode.swift; path = "Font+Extension.swift"; sourceTree = "<group>"; };
		558946EF2B118CDF00AFB838 /* Info.plist */ = {isa = PBXFileReference; lastKnownFileType = text.plist; path = Info.plist; sourceTree = "<group>"; };
		558946F02B1194A400AFB838 /* Dictionary+Extension.swift */ = {isa = PBXFileReference; lastKnownFileType = sourcecode.swift; path = "Dictionary+Extension.swift"; sourceTree = "<group>"; };
		558E7BA62B7EEEFC00C70C39 /* HomeView.swift */ = {isa = PBXFileReference; lastKnownFileType = sourcecode.swift; path = HomeView.swift; sourceTree = "<group>"; };
		558E7BAB2B7EF11F00C70C39 /* DealView.swift */ = {isa = PBXFileReference; lastKnownFileType = sourcecode.swift; path = DealView.swift; sourceTree = "<group>"; };
		558E7BAD2B7EF17500C70C39 /* MyDealView.swift */ = {isa = PBXFileReference; lastKnownFileType = sourcecode.swift; path = MyDealView.swift; sourceTree = "<group>"; };
		558E7BAF2B7EF19900C70C39 /* NotificationView.swift */ = {isa = PBXFileReference; lastKnownFileType = sourcecode.swift; path = NotificationView.swift; sourceTree = "<group>"; };
		558E7BB22B7EF1E400C70C39 /* EventView.swift */ = {isa = PBXFileReference; lastKnownFileType = sourcecode.swift; path = EventView.swift; sourceTree = "<group>"; };
		558E7BB52B7EF33D00C70C39 /* MenuView.swift */ = {isa = PBXFileReference; lastKnownFileType = sourcecode.swift; path = MenuView.swift; sourceTree = "<group>"; };
		558E7BB92B7F00F500C70C39 /* Comfortaa-Regular.ttf */ = {isa = PBXFileReference; lastKnownFileType = file; path = "Comfortaa-Regular.ttf"; sourceTree = "<group>"; };
		558E7BBB2B7F04D900C70C39 /* Inter-Regular.ttf */ = {isa = PBXFileReference; lastKnownFileType = file; path = "Inter-Regular.ttf"; sourceTree = "<group>"; };
		558E7BBC2B7F04D900C70C39 /* Inter-Light.ttf */ = {isa = PBXFileReference; lastKnownFileType = file; path = "Inter-Light.ttf"; sourceTree = "<group>"; };
		558E7BBD2B7F04D900C70C39 /* Inter-Medium.ttf */ = {isa = PBXFileReference; lastKnownFileType = file; path = "Inter-Medium.ttf"; sourceTree = "<group>"; };
		5598F42E2B1100FE0063E864 /* NameCardIOS.app */ = {isa = PBXFileReference; explicitFileType = wrapper.application; includeInIndex = 0; path = NameCardIOS.app; sourceTree = BUILT_PRODUCTS_DIR; };
		5598F4312B1100FE0063E864 /* NameCardIOSApp.swift */ = {isa = PBXFileReference; lastKnownFileType = sourcecode.swift; path = NameCardIOSApp.swift; sourceTree = "<group>"; };
		5598F4332B1100FE0063E864 /* ContentView.swift */ = {isa = PBXFileReference; lastKnownFileType = sourcecode.swift; path = ContentView.swift; sourceTree = "<group>"; };
		5598F4352B1101000063E864 /* Assets.xcassets */ = {isa = PBXFileReference; lastKnownFileType = folder.assetcatalog; path = Assets.xcassets; sourceTree = "<group>"; };
		5598F4382B1101000063E864 /* Preview Assets.xcassets */ = {isa = PBXFileReference; lastKnownFileType = folder.assetcatalog; path = "Preview Assets.xcassets"; sourceTree = "<group>"; };
		5598F43E2B1101000063E864 /* NameCardIOSTests.xctest */ = {isa = PBXFileReference; explicitFileType = wrapper.cfbundle; includeInIndex = 0; path = NameCardIOSTests.xctest; sourceTree = BUILT_PRODUCTS_DIR; };
		5598F4422B1101000063E864 /* NameCardIOSTests.swift */ = {isa = PBXFileReference; lastKnownFileType = sourcecode.swift; path = NameCardIOSTests.swift; sourceTree = "<group>"; };
		5598F4482B1101000063E864 /* NameCardIOSUITests.xctest */ = {isa = PBXFileReference; explicitFileType = wrapper.cfbundle; includeInIndex = 0; path = NameCardIOSUITests.xctest; sourceTree = BUILT_PRODUCTS_DIR; };
		5598F44C2B1101000063E864 /* NameCardIOSUITests.swift */ = {isa = PBXFileReference; lastKnownFileType = sourcecode.swift; path = NameCardIOSUITests.swift; sourceTree = "<group>"; };
		5598F44E2B1101000063E864 /* NameCardIOSUITestsLaunchTests.swift */ = {isa = PBXFileReference; lastKnownFileType = sourcecode.swift; path = NameCardIOSUITestsLaunchTests.swift; sourceTree = "<group>"; };
		55A82ED92B16D6CA001C3F91 /* NameCardApi.swift */ = {isa = PBXFileReference; lastKnownFileType = sourcecode.swift; path = NameCardApi.swift; sourceTree = "<group>"; };
		55A82EDB2B16D835001C3F91 /* NameCardRepository.swift */ = {isa = PBXFileReference; lastKnownFileType = sourcecode.swift; path = NameCardRepository.swift; sourceTree = "<group>"; };
		55A82EDD2B16D986001C3F91 /* NameCardViewModel.swift */ = {isa = PBXFileReference; lastKnownFileType = sourcecode.swift; path = NameCardViewModel.swift; sourceTree = "<group>"; };
		55A82EDF2B16D9CF001C3F91 /* ViewState.swift */ = {isa = PBXFileReference; lastKnownFileType = sourcecode.swift; path = ViewState.swift; sourceTree = "<group>"; };
		55A82EE12B16DC88001C3F91 /* String+Extension.swift */ = {isa = PBXFileReference; lastKnownFileType = sourcecode.swift; path = "String+Extension.swift"; sourceTree = "<group>"; };
		55BB2DD32B2AA1E2003A7113 /* DetectView.swift */ = {isa = PBXFileReference; lastKnownFileType = sourcecode.swift; path = DetectView.swift; sourceTree = "<group>"; };
		55BB368F2B649350002C16D6 /* MyQRCodeView.swift */ = {isa = PBXFileReference; lastKnownFileType = sourcecode.swift; path = MyQRCodeView.swift; sourceTree = "<group>"; };
		55BB36912B649460002C16D6 /* MyQRCodeViewModel.swift */ = {isa = PBXFileReference; lastKnownFileType = sourcecode.swift; path = MyQRCodeViewModel.swift; sourceTree = "<group>"; };
		55CBF3072B2FD9C200AAA43E /* VMFactory.swift */ = {isa = PBXFileReference; lastKnownFileType = sourcecode.swift; path = VMFactory.swift; sourceTree = "<group>"; };
		55CBF3092B2FDB8C00AAA43E /* HomeViewUITests.swift */ = {isa = PBXFileReference; lastKnownFileType = sourcecode.swift; path = HomeViewUITests.swift; sourceTree = "<group>"; };
		55CBF30B2B2FDBE600AAA43E /* Config.swift */ = {isa = PBXFileReference; lastKnownFileType = sourcecode.swift; path = Config.swift; sourceTree = "<group>"; };
		55DCCE4C2B689856000ABEB8 /* ProfileApi.swift */ = {isa = PBXFileReference; lastKnownFileType = sourcecode.swift; path = ProfileApi.swift; sourceTree = "<group>"; };
		55DCCE4E2B6898A8000ABEB8 /* MockProfileApi.swift */ = {isa = PBXFileReference; lastKnownFileType = sourcecode.swift; path = MockProfileApi.swift; sourceTree = "<group>"; };
		55DCCE502B689914000ABEB8 /* ProfileRepository.swift */ = {isa = PBXFileReference; lastKnownFileType = sourcecode.swift; path = ProfileRepository.swift; sourceTree = "<group>"; };
		55DCCE522B68997C000ABEB8 /* Profile.swift */ = {isa = PBXFileReference; lastKnownFileType = sourcecode.swift; path = Profile.swift; sourceTree = "<group>"; };
		55F6745A2B1970600066E6EF /* LoginViewUITests.swift */ = {isa = PBXFileReference; lastKnownFileType = sourcecode.swift; path = LoginViewUITests.swift; sourceTree = "<group>"; };
/* End PBXFileReference section */

/* Begin PBXFrameworksBuildPhase section */
		5598F42B2B1100FE0063E864 /* Frameworks */ = {
			isa = PBXFrameworksBuildPhase;
			buildActionMask = 2147483647;
			files = (
				5549CF112B2952D40022D861 /* WeScan in Frameworks */,
			);
			runOnlyForDeploymentPostprocessing = 0;
		};
		5598F43B2B1101000063E864 /* Frameworks */ = {
			isa = PBXFrameworksBuildPhase;
			buildActionMask = 2147483647;
			files = (
			);
			runOnlyForDeploymentPostprocessing = 0;
		};
		5598F4452B1101000063E864 /* Frameworks */ = {
			isa = PBXFrameworksBuildPhase;
			buildActionMask = 2147483647;
			files = (
			);
			runOnlyForDeploymentPostprocessing = 0;
		};
/* End PBXFrameworksBuildPhase section */

/* Begin PBXGroup section */
		5502B9B12B1D70DE00C544A2 /* MockApi */ = {
			isa = PBXGroup;
			children = (
				5502B9B22B1D70F100C544A2 /* MockAuthApi.swift */,
				5502B9B42B1D714300C544A2 /* MockNameCardApi.swift */,
				55DCCE4E2B6898A8000ABEB8 /* MockProfileApi.swift */,
			);
			path = MockApi;
			sourceTree = "<group>";
		};
		5511D5322B12DE2E000ADA01 /* NameCard */ = {
			isa = PBXGroup;
			children = (
				556F7CBA2B1573CA001FC880 /* Widgets */,
				556F7CB02B15724A001FC880 /* NameCardView.swift */,
				55A82EDD2B16D986001C3F91 /* NameCardViewModel.swift */,
			);
			path = NameCard;
			sourceTree = "<group>";
		};
		55220D7C2B1C0F1700840F71 /* MockData */ = {
			isa = PBXGroup;
			children = (
				55220D7D2B1C11CB00840F71 /* login.json */,
				556E845A2B1EB66E000E915B /* name_cards.json */,
				554017242B2E7EA7007B9607 /* name_cards_search.json */,
			);
			path = MockData;
			sourceTree = "<group>";
		};
		55220D7F2B1C12D600840F71 /* Mock */ = {
			isa = PBXGroup;
			children = (
				5502B9B12B1D70DE00C544A2 /* MockApi */,
				55220D802B1C13D700840F71 /* MockAPIClient.swift */,
				5502B9AF2B1D681900C544A2 /* MockServer.swift */,
			);
			path = Mock;
			sourceTree = "<group>";
		};
		556F7CBA2B1573CA001FC880 /* Widgets */ = {
			isa = PBXGroup;
			children = (
				556F7CBB2B1573E7001FC880 /* ItemCardView.swift */,
				5549CF122B2952E30022D861 /* WeScanView.swift */,
			);
			path = Widgets;
			sourceTree = "<group>";
		};
		556F7CBF2B15878F001FC880 /* Detail */ = {
			isa = PBXGroup;
			children = (
				556F7CBD2B157A5F001FC880 /* DetailView.swift */,
			);
			path = Detail;
			sourceTree = "<group>";
		};
		558946CB2B112EC100AFB838 /* Api */ = {
			isa = PBXGroup;
			children = (
				558946CD2B11306900AFB838 /* AuthApi.swift */,
				55A82ED92B16D6CA001C3F91 /* NameCardApi.swift */,
				55DCCE4C2B689856000ABEB8 /* ProfileApi.swift */,
			);
			path = Api;
			sourceTree = "<group>";
		};
		558946CC2B112EFF00AFB838 /* Login */ = {
			isa = PBXGroup;
			children = (
				558946E22B113EFD00AFB838 /* LoginViewModel.swift */,
				558946E42B1142E100AFB838 /* LoginView.swift */,
			);
			path = Login;
			sourceTree = "<group>";
		};
		558946CF2B1131FB00AFB838 /* Utils */ = {
			isa = PBXGroup;
			children = (
				558946D02B11321F00AFB838 /* Const.swift */,
				55A82EDF2B16D9CF001C3F91 /* ViewState.swift */,
			);
			path = Utils;
			sourceTree = "<group>";
		};
		558946D42B1138F300AFB838 /* Repository */ = {
			isa = PBXGroup;
			children = (
				558946D52B11391600AFB838 /* BaseRepository.swift */,
				558946D92B113AC300AFB838 /* AuthRepository.swift */,
				55A82EDB2B16D835001C3F91 /* NameCardRepository.swift */,
				55DCCE502B689914000ABEB8 /* ProfileRepository.swift */,
			);
			path = Repository;
			sourceTree = "<group>";
		};
		558946DB2B113B2200AFB838 /* Model */ = {
			isa = PBXGroup;
			children = (
				558946DC2B113B3000AFB838 /* Base.swift */,
				558946DE2B113BD300AFB838 /* Login.swift */,
				552C81A12B13AACA00E38B0B /* Card.swift */,
				551D2CF32B23F0310001C342 /* BasePagination.swift */,
				55DCCE522B68997C000ABEB8 /* Profile.swift */,
			);
			path = Model;
			sourceTree = "<group>";
		};
		558946EA2B118A2700AFB838 /* Fonts */ = {
			isa = PBXGroup;
			children = (
				558E7BBC2B7F04D900C70C39 /* Inter-Light.ttf */,
				558E7BBD2B7F04D900C70C39 /* Inter-Medium.ttf */,
				558E7BBB2B7F04D900C70C39 /* Inter-Regular.ttf */,
				558E7BB92B7F00F500C70C39 /* Comfortaa-Regular.ttf */,
			);
			path = Fonts;
			sourceTree = "<group>";
		};
		558E7BA52B7EEEF000C70C39 /* Home */ = {
			isa = PBXGroup;
			children = (
				558E7BA62B7EEEFC00C70C39 /* HomeView.swift */,
				558E7BA92B7EF05D00C70C39 /* Notification */,
				558E7BB12B7EF1D000C70C39 /* Event */,
				558E7BA82B7EF02600C70C39 /* Deal */,
				5511D5322B12DE2E000ADA01 /* NameCard */,
				558E7BB42B7EF30F00C70C39 /* MenuView */,
			);
			path = Home;
			sourceTree = "<group>";
		};
		558E7BA82B7EF02600C70C39 /* Deal */ = {
			isa = PBXGroup;
			children = (
				558E7BAB2B7EF11F00C70C39 /* DealView.swift */,
			);
			path = Deal;
			sourceTree = "<group>";
		};
		558E7BA92B7EF05D00C70C39 /* Notification */ = {
			isa = PBXGroup;
			children = (
				558E7BAF2B7EF19900C70C39 /* NotificationView.swift */,
			);
			path = Notification;
			sourceTree = "<group>";
		};
		558E7BAA2B7EF06C00C70C39 /* MyDeal */ = {
			isa = PBXGroup;
			children = (
				558E7BAD2B7EF17500C70C39 /* MyDealView.swift */,
			);
			path = MyDeal;
			sourceTree = "<group>";
		};
		558E7BB12B7EF1D000C70C39 /* Event */ = {
			isa = PBXGroup;
			children = (
				558E7BB22B7EF1E400C70C39 /* EventView.swift */,
			);
			path = Event;
			sourceTree = "<group>";
		};
		558E7BB42B7EF30F00C70C39 /* MenuView */ = {
			isa = PBXGroup;
			children = (
				558E7BB52B7EF33D00C70C39 /* MenuView.swift */,
			);
			path = MenuView;
			sourceTree = "<group>";
		};
		5598F4252B1100FE0063E864 = {
			isa = PBXGroup;
			children = (
				5598F4302B1100FE0063E864 /* NameCardIOS */,
				5598F4412B1101000063E864 /* NameCardIOSTests */,
				5598F44B2B1101000063E864 /* NameCardIOSUITests */,
				5598F42F2B1100FE0063E864 /* Products */,
			);
			sourceTree = "<group>";
		};
		5598F42F2B1100FE0063E864 /* Products */ = {
			isa = PBXGroup;
			children = (
				5598F42E2B1100FE0063E864 /* NameCardIOS.app */,
				5598F43E2B1101000063E864 /* NameCardIOSTests.xctest */,
				5598F4482B1101000063E864 /* NameCardIOSUITests.xctest */,
			);
			name = Products;
			sourceTree = "<group>";
		};
		5598F4302B1100FE0063E864 /* NameCardIOS */ = {
			isa = PBXGroup;
			children = (
				55220D7C2B1C0F1700840F71 /* MockData */,
				558946EA2B118A2700AFB838 /* Fonts */,
				5598F45B2B1104570063E864 /* Globals */,
				5598F45C2B11046B0063E864 /* Modules */,
				5598F4332B1100FE0063E864 /* ContentView.swift */,
				5598F4312B1100FE0063E864 /* NameCardIOSApp.swift */,
				5598F4352B1101000063E864 /* Assets.xcassets */,
				558946EF2B118CDF00AFB838 /* Info.plist */,
				5598F4372B1101000063E864 /* Preview Content */,
			);
			path = NameCardIOS;
			sourceTree = "<group>";
		};
		5598F4372B1101000063E864 /* Preview Content */ = {
			isa = PBXGroup;
			children = (
				5598F4382B1101000063E864 /* Preview Assets.xcassets */,
			);
			path = "Preview Content";
			sourceTree = "<group>";
		};
		5598F4412B1101000063E864 /* NameCardIOSTests */ = {
			isa = PBXGroup;
			children = (
				5598F4422B1101000063E864 /* NameCardIOSTests.swift */,
				5511D5302B12823E000ADA01 /* LoginViewModelTests.swift */,
				554017262B2E8179007B9607 /* HomeViewModelTests.swift */,
			);
			path = NameCardIOSTests;
			sourceTree = "<group>";
		};
		5598F44B2B1101000063E864 /* NameCardIOSUITests */ = {
			isa = PBXGroup;
			children = (
				5598F44C2B1101000063E864 /* NameCardIOSUITests.swift */,
				5598F44E2B1101000063E864 /* NameCardIOSUITestsLaunchTests.swift */,
				55F6745A2B1970600066E6EF /* LoginViewUITests.swift */,
				55CBF3092B2FDB8C00AAA43E /* HomeViewUITests.swift */,
				55CBF30B2B2FDBE600AAA43E /* Config.swift */,
			);
			path = NameCardIOSUITests;
			sourceTree = "<group>";
		};
		5598F45B2B1104570063E864 /* Globals */ = {
			isa = PBXGroup;
			children = (
				55CBF3062B2FD9A100AAA43E /* Factory */,
				5598F45D2B1104A50063E864 /* Data */,
				5598F45E2B1104BA0063E864 /* Theme */,
				558946CF2B1131FB00AFB838 /* Utils */,
				5598F45F2B1104CD0063E864 /* Widgets */,
			);
			path = Globals;
			sourceTree = "<group>";
		};
		5598F45C2B11046B0063E864 /* Modules */ = {
			isa = PBXGroup;
			children = (
				55BB368E2B64933D002C16D6 /* MyQRCode */,
				558E7BAA2B7EF06C00C70C39 /* MyDeal */,
				558E7BA52B7EEEF000C70C39 /* Home */,
				55BB2DD22B2AA1C8003A7113 /* Detect */,
				556F7CBF2B15878F001FC880 /* Detail */,
				558946CC2B112EFF00AFB838 /* Login */,
				558946E02B113EA200AFB838 /* BaseViewModel.swift */,
			);
			path = Modules;
			sourceTree = "<group>";
		};
		5598F45D2B1104A50063E864 /* Data */ = {
			isa = PBXGroup;
			children = (
				55220D7F2B1C12D600840F71 /* Mock */,
				558946DB2B113B2200AFB838 /* Model */,
				558946D42B1138F300AFB838 /* Repository */,
				558946CB2B112EC100AFB838 /* Api */,
				558946C72B1109B800AFB838 /* Requestable.swift */,
				558946C92B110B1D00AFB838 /* Responable.swift */,
				558946D22B1133E900AFB838 /* APIClient.swift */,
				558946D72B11399F00AFB838 /* RequestExecutor.swift */,
			);
			path = Data;
			sourceTree = "<group>";
		};
		5598F45E2B1104BA0063E864 /* Theme */ = {
			isa = PBXGroup;
			children = (
				558946E62B11810A00AFB838 /* Color+Extension.swift */,
				558946E82B11888200AFB838 /* Button+Style.swift */,
				558946ED2B118A7C00AFB838 /* Font+Extension.swift */,
				558946F02B1194A400AFB838 /* Dictionary+Extension.swift */,
				5511D52C2B1254B5000ADA01 /* Text+Extension.swift */,
				5511D52E2B1255F0000ADA01 /* View+Extension.swift */,
				55A82EE12B16DC88001C3F91 /* String+Extension.swift */,
				5502B9B62B1D720600C544A2 /* Data+Extension.swift */,
			);
			path = Theme;
			sourceTree = "<group>";
		};
		5598F45F2B1104CD0063E864 /* Widgets */ = {
			isa = PBXGroup;
			children = (
				552F41512B1819D50092146B /* LoadingView.swift */,
			);
			path = Widgets;
			sourceTree = "<group>";
		};
		55BB2DD22B2AA1C8003A7113 /* Detect */ = {
			isa = PBXGroup;
			children = (
				55BB2DD32B2AA1E2003A7113 /* DetectView.swift */,
				5543BA592B2BE6B500035E39 /* DetectViewModel.swift */,
			);
			path = Detect;
			sourceTree = "<group>";
		};
		55BB368E2B64933D002C16D6 /* MyQRCode */ = {
			isa = PBXGroup;
			children = (
				55BB368F2B649350002C16D6 /* MyQRCodeView.swift */,
				55BB36912B649460002C16D6 /* MyQRCodeViewModel.swift */,
			);
			path = MyQRCode;
			sourceTree = "<group>";
		};
		55CBF3062B2FD9A100AAA43E /* Factory */ = {
			isa = PBXGroup;
			children = (
				55CBF3072B2FD9C200AAA43E /* VMFactory.swift */,
			);
			path = Factory;
			sourceTree = "<group>";
		};
/* End PBXGroup section */

/* Begin PBXNativeTarget section */
		5598F42D2B1100FE0063E864 /* NameCardIOS */ = {
			isa = PBXNativeTarget;
			buildConfigurationList = 5598F4522B1101000063E864 /* Build configuration list for PBXNativeTarget "NameCardIOS" */;
			buildPhases = (
				5598F42A2B1100FE0063E864 /* Sources */,
				5598F42B2B1100FE0063E864 /* Frameworks */,
				5598F42C2B1100FE0063E864 /* Resources */,
			);
			buildRules = (
			);
			dependencies = (
			);
			name = NameCardIOS;
			packageProductDependencies = (
				5549CF102B2952D40022D861 /* WeScan */,
			);
			productName = NameCardIOS;
			productReference = 5598F42E2B1100FE0063E864 /* NameCardIOS.app */;
			productType = "com.apple.product-type.application";
		};
		5598F43D2B1101000063E864 /* NameCardIOSTests */ = {
			isa = PBXNativeTarget;
			buildConfigurationList = 5598F4552B1101000063E864 /* Build configuration list for PBXNativeTarget "NameCardIOSTests" */;
			buildPhases = (
				5598F43A2B1101000063E864 /* Sources */,
				5598F43B2B1101000063E864 /* Frameworks */,
				5598F43C2B1101000063E864 /* Resources */,
			);
			buildRules = (
			);
			dependencies = (
				5598F4402B1101000063E864 /* PBXTargetDependency */,
			);
			name = NameCardIOSTests;
			productName = NameCardIOSTests;
			productReference = 5598F43E2B1101000063E864 /* NameCardIOSTests.xctest */;
			productType = "com.apple.product-type.bundle.unit-test";
		};
		5598F4472B1101000063E864 /* NameCardIOSUITests */ = {
			isa = PBXNativeTarget;
			buildConfigurationList = 5598F4582B1101000063E864 /* Build configuration list for PBXNativeTarget "NameCardIOSUITests" */;
			buildPhases = (
				5598F4442B1101000063E864 /* Sources */,
				5598F4452B1101000063E864 /* Frameworks */,
				5598F4462B1101000063E864 /* Resources */,
			);
			buildRules = (
			);
			dependencies = (
				5598F44A2B1101000063E864 /* PBXTargetDependency */,
			);
			name = NameCardIOSUITests;
			productName = NameCardIOSUITests;
			productReference = 5598F4482B1101000063E864 /* NameCardIOSUITests.xctest */;
			productType = "com.apple.product-type.bundle.ui-testing";
		};
/* End PBXNativeTarget section */

/* Begin PBXProject section */
		5598F4262B1100FE0063E864 /* Project object */ = {
			isa = PBXProject;
			attributes = {
				BuildIndependentTargetsInParallel = 1;
				LastSwiftUpdateCheck = 1500;
				LastUpgradeCheck = 1500;
				TargetAttributes = {
					5598F42D2B1100FE0063E864 = {
						CreatedOnToolsVersion = 15.0.1;
					};
					5598F43D2B1101000063E864 = {
						CreatedOnToolsVersion = 15.0.1;
						TestTargetID = 5598F42D2B1100FE0063E864;
					};
					5598F4472B1101000063E864 = {
						CreatedOnToolsVersion = 15.0.1;
						TestTargetID = 5598F42D2B1100FE0063E864;
					};
				};
			};
			buildConfigurationList = 5598F4292B1100FE0063E864 /* Build configuration list for PBXProject "NameCardIOS" */;
			compatibilityVersion = "Xcode 14.0";
			developmentRegion = en;
			hasScannedForEncodings = 0;
			knownRegions = (
				en,
				Base,
			);
			mainGroup = 5598F4252B1100FE0063E864;
			packageReferences = (
				5549CF0F2B2952D40022D861 /* XCRemoteSwiftPackageReference "WeScan" */,
			);
			productRefGroup = 5598F42F2B1100FE0063E864 /* Products */;
			projectDirPath = "";
			projectRoot = "";
			targets = (
				5598F42D2B1100FE0063E864 /* NameCardIOS */,
				5598F43D2B1101000063E864 /* NameCardIOSTests */,
				5598F4472B1101000063E864 /* NameCardIOSUITests */,
			);
		};
/* End PBXProject section */

/* Begin PBXResourcesBuildPhase section */
		5598F42C2B1100FE0063E864 /* Resources */ = {
			isa = PBXResourcesBuildPhase;
			buildActionMask = 2147483647;
			files = (
				554017252B2E7EA7007B9607 /* name_cards_search.json in Resources */,
				5598F4392B1101000063E864 /* Preview Assets.xcassets in Resources */,
				5598F4362B1101000063E864 /* Assets.xcassets in Resources */,
				55220D7E2B1C11CB00840F71 /* login.json in Resources */,
				558E7BBE2B7F04D900C70C39 /* Inter-Regular.ttf in Resources */,
				556E845B2B1EB66E000E915B /* name_cards.json in Resources */,
				558E7BC02B7F04D900C70C39 /* Inter-Medium.ttf in Resources */,
				558E7BBF2B7F04D900C70C39 /* Inter-Light.ttf in Resources */,
				558E7BBA2B7F00F500C70C39 /* Comfortaa-Regular.ttf in Resources */,
			);
			runOnlyForDeploymentPostprocessing = 0;
		};
		5598F43C2B1101000063E864 /* Resources */ = {
			isa = PBXResourcesBuildPhase;
			buildActionMask = 2147483647;
			files = (
			);
			runOnlyForDeploymentPostprocessing = 0;
		};
		5598F4462B1101000063E864 /* Resources */ = {
			isa = PBXResourcesBuildPhase;
			buildActionMask = 2147483647;
			files = (
			);
			runOnlyForDeploymentPostprocessing = 0;
		};
/* End PBXResourcesBuildPhase section */

/* Begin PBXSourcesBuildPhase section */
		5598F42A2B1100FE0063E864 /* Sources */ = {
			isa = PBXSourcesBuildPhase;
			buildActionMask = 2147483647;
			files = (
				5502B9B32B1D70F100C544A2 /* MockAuthApi.swift in Sources */,
				558946F12B1194A400AFB838 /* Dictionary+Extension.swift in Sources */,
				558946D82B11399F00AFB838 /* RequestExecutor.swift in Sources */,
				558E7BB02B7EF19900C70C39 /* NotificationView.swift in Sources */,
				558946CE2B11306900AFB838 /* AuthApi.swift in Sources */,
				558946D32B1133E900AFB838 /* APIClient.swift in Sources */,
				558946E52B1142E100AFB838 /* LoginView.swift in Sources */,
				55BB36902B649350002C16D6 /* MyQRCodeView.swift in Sources */,
				552F41522B1819D50092146B /* LoadingView.swift in Sources */,
				5502B9B52B1D714300C544A2 /* MockNameCardApi.swift in Sources */,
				558946DF2B113BD300AFB838 /* Login.swift in Sources */,
				558946DA2B113AC300AFB838 /* AuthRepository.swift in Sources */,
				558E7BAE2B7EF17500C70C39 /* MyDealView.swift in Sources */,
				55A82EE22B16DC88001C3F91 /* String+Extension.swift in Sources */,
				558946D62B11391600AFB838 /* BaseRepository.swift in Sources */,
				556F7CBE2B157A5F001FC880 /* DetailView.swift in Sources */,
				55CBF3082B2FD9C200AAA43E /* VMFactory.swift in Sources */,
				5511D52D2B1254B5000ADA01 /* Text+Extension.swift in Sources */,
				5543BA5A2B2BE6B500035E39 /* DetectViewModel.swift in Sources */,
				55BB36922B649460002C16D6 /* MyQRCodeViewModel.swift in Sources */,
				558946E32B113EFD00AFB838 /* LoginViewModel.swift in Sources */,
				558946C82B1109B800AFB838 /* Requestable.swift in Sources */,
				558946E12B113EA200AFB838 /* BaseViewModel.swift in Sources */,
				55DCCE512B689914000ABEB8 /* ProfileRepository.swift in Sources */,
				5598F4342B1100FE0063E864 /* ContentView.swift in Sources */,
				55A82EDE2B16D986001C3F91 /* NameCardViewModel.swift in Sources */,
				55DCCE532B68997C000ABEB8 /* Profile.swift in Sources */,
				558946E92B11888200AFB838 /* Button+Style.swift in Sources */,
				558946CA2B110B1D00AFB838 /* Responable.swift in Sources */,
				5502B9B02B1D681900C544A2 /* MockServer.swift in Sources */,
				558E7BA72B7EEEFC00C70C39 /* HomeView.swift in Sources */,
				558946E72B11810A00AFB838 /* Color+Extension.swift in Sources */,
				55DCCE4F2B6898A8000ABEB8 /* MockProfileApi.swift in Sources */,
				558946EE2B118A7C00AFB838 /* Font+Extension.swift in Sources */,
				552C81A22B13AACA00E38B0B /* Card.swift in Sources */,
				55A82EDA2B16D6CA001C3F91 /* NameCardApi.swift in Sources */,
				5598F4322B1100FE0063E864 /* NameCardIOSApp.swift in Sources */,
				55A82EE02B16D9CF001C3F91 /* ViewState.swift in Sources */,
				5511D52F2B1255F0000ADA01 /* View+Extension.swift in Sources */,
				558E7BB32B7EF1E400C70C39 /* EventView.swift in Sources */,
				5549CF132B2952E30022D861 /* WeScanView.swift in Sources */,
				556F7CB12B15724A001FC880 /* NameCardView.swift in Sources */,
				55DCCE4D2B689856000ABEB8 /* ProfileApi.swift in Sources */,
				5502B9B72B1D720600C544A2 /* Data+Extension.swift in Sources */,
				558E7BAC2B7EF11F00C70C39 /* DealView.swift in Sources */,
				55220D812B1C13D700840F71 /* MockAPIClient.swift in Sources */,
				558946DD2B113B3000AFB838 /* Base.swift in Sources */,
				556F7CBC2B1573E7001FC880 /* ItemCardView.swift in Sources */,
				558E7BB62B7EF33D00C70C39 /* MenuView.swift in Sources */,
				55A82EDC2B16D835001C3F91 /* NameCardRepository.swift in Sources */,
				551D2CF42B23F0310001C342 /* BasePagination.swift in Sources */,
				558946D12B11321F00AFB838 /* Const.swift in Sources */,
				55BB2DD42B2AA1E2003A7113 /* DetectView.swift in Sources */,
			);
			runOnlyForDeploymentPostprocessing = 0;
		};
		5598F43A2B1101000063E864 /* Sources */ = {
			isa = PBXSourcesBuildPhase;
			buildActionMask = 2147483647;
			files = (
				5511D5312B12823E000ADA01 /* LoginViewModelTests.swift in Sources */,
				5598F4432B1101000063E864 /* NameCardIOSTests.swift in Sources */,
				554017272B2E8179007B9607 /* HomeViewModelTests.swift in Sources */,
			);
			runOnlyForDeploymentPostprocessing = 0;
		};
		5598F4442B1101000063E864 /* Sources */ = {
			isa = PBXSourcesBuildPhase;
			buildActionMask = 2147483647;
			files = (
				5598F44D2B1101000063E864 /* NameCardIOSUITests.swift in Sources */,
				55CBF30A2B2FDB8C00AAA43E /* HomeViewUITests.swift in Sources */,
				55CBF30C2B2FDBE600AAA43E /* Config.swift in Sources */,
				5598F44F2B1101000063E864 /* NameCardIOSUITestsLaunchTests.swift in Sources */,
				55F6745B2B1970600066E6EF /* LoginViewUITests.swift in Sources */,
			);
			runOnlyForDeploymentPostprocessing = 0;
		};
/* End PBXSourcesBuildPhase section */

/* Begin PBXTargetDependency section */
		5598F4402B1101000063E864 /* PBXTargetDependency */ = {
			isa = PBXTargetDependency;
			target = 5598F42D2B1100FE0063E864 /* NameCardIOS */;
			targetProxy = 5598F43F2B1101000063E864 /* PBXContainerItemProxy */;
		};
		5598F44A2B1101000063E864 /* PBXTargetDependency */ = {
			isa = PBXTargetDependency;
			target = 5598F42D2B1100FE0063E864 /* NameCardIOS */;
			targetProxy = 5598F4492B1101000063E864 /* PBXContainerItemProxy */;
		};
/* End PBXTargetDependency section */

/* Begin XCBuildConfiguration section */
		5598F4502B1101000063E864 /* Debug */ = {
			isa = XCBuildConfiguration;
			buildSettings = {
				ALWAYS_SEARCH_USER_PATHS = NO;
				ASSETCATALOG_COMPILER_GENERATE_SWIFT_ASSET_SYMBOL_EXTENSIONS = YES;
				CLANG_ANALYZER_NONNULL = YES;
				CLANG_ANALYZER_NUMBER_OBJECT_CONVERSION = YES_AGGRESSIVE;
				CLANG_CXX_LANGUAGE_STANDARD = "gnu++20";
				CLANG_ENABLE_MODULES = YES;
				CLANG_ENABLE_OBJC_ARC = YES;
				CLANG_ENABLE_OBJC_WEAK = YES;
				CLANG_WARN_BLOCK_CAPTURE_AUTORELEASING = YES;
				CLANG_WARN_BOOL_CONVERSION = YES;
				CLANG_WARN_COMMA = YES;
				CLANG_WARN_CONSTANT_CONVERSION = YES;
				CLANG_WARN_DEPRECATED_OBJC_IMPLEMENTATIONS = YES;
				CLANG_WARN_DIRECT_OBJC_ISA_USAGE = YES_ERROR;
				CLANG_WARN_DOCUMENTATION_COMMENTS = YES;
				CLANG_WARN_EMPTY_BODY = YES;
				CLANG_WARN_ENUM_CONVERSION = YES;
				CLANG_WARN_INFINITE_RECURSION = YES;
				CLANG_WARN_INT_CONVERSION = YES;
				CLANG_WARN_NON_LITERAL_NULL_CONVERSION = YES;
				CLANG_WARN_OBJC_IMPLICIT_RETAIN_SELF = YES;
				CLANG_WARN_OBJC_LITERAL_CONVERSION = YES;
				CLANG_WARN_OBJC_ROOT_CLASS = YES_ERROR;
				CLANG_WARN_QUOTED_INCLUDE_IN_FRAMEWORK_HEADER = YES;
				CLANG_WARN_RANGE_LOOP_ANALYSIS = YES;
				CLANG_WARN_STRICT_PROTOTYPES = YES;
				CLANG_WARN_SUSPICIOUS_MOVE = YES;
				CLANG_WARN_UNGUARDED_AVAILABILITY = YES_AGGRESSIVE;
				CLANG_WARN_UNREACHABLE_CODE = YES;
				CLANG_WARN__DUPLICATE_METHOD_MATCH = YES;
				COPY_PHASE_STRIP = NO;
				DEBUG_INFORMATION_FORMAT = dwarf;
				ENABLE_STRICT_OBJC_MSGSEND = YES;
				ENABLE_TESTABILITY = YES;
				ENABLE_USER_SCRIPT_SANDBOXING = YES;
				GCC_C_LANGUAGE_STANDARD = gnu17;
				GCC_DYNAMIC_NO_PIC = NO;
				GCC_NO_COMMON_BLOCKS = YES;
				GCC_OPTIMIZATION_LEVEL = 0;
				GCC_PREPROCESSOR_DEFINITIONS = (
					"DEBUG=1",
					"$(inherited)",
				);
				GCC_WARN_64_TO_32_BIT_CONVERSION = YES;
				GCC_WARN_ABOUT_RETURN_TYPE = YES_ERROR;
				GCC_WARN_UNDECLARED_SELECTOR = YES;
				GCC_WARN_UNINITIALIZED_AUTOS = YES_AGGRESSIVE;
				GCC_WARN_UNUSED_FUNCTION = YES;
				GCC_WARN_UNUSED_VARIABLE = YES;
				IPHONEOS_DEPLOYMENT_TARGET = 17.0;
				LOCALIZATION_PREFERS_STRING_CATALOGS = YES;
				MTL_ENABLE_DEBUG_INFO = INCLUDE_SOURCE;
				MTL_FAST_MATH = YES;
				ONLY_ACTIVE_ARCH = YES;
				SDKROOT = iphoneos;
				SWIFT_ACTIVE_COMPILATION_CONDITIONS = "DEBUG $(inherited)";
				SWIFT_OPTIMIZATION_LEVEL = "-Onone";
			};
			name = Debug;
		};
		5598F4512B1101000063E864 /* Release */ = {
			isa = XCBuildConfiguration;
			buildSettings = {
				ALWAYS_SEARCH_USER_PATHS = NO;
				ASSETCATALOG_COMPILER_GENERATE_SWIFT_ASSET_SYMBOL_EXTENSIONS = YES;
				CLANG_ANALYZER_NONNULL = YES;
				CLANG_ANALYZER_NUMBER_OBJECT_CONVERSION = YES_AGGRESSIVE;
				CLANG_CXX_LANGUAGE_STANDARD = "gnu++20";
				CLANG_ENABLE_MODULES = YES;
				CLANG_ENABLE_OBJC_ARC = YES;
				CLANG_ENABLE_OBJC_WEAK = YES;
				CLANG_WARN_BLOCK_CAPTURE_AUTORELEASING = YES;
				CLANG_WARN_BOOL_CONVERSION = YES;
				CLANG_WARN_COMMA = YES;
				CLANG_WARN_CONSTANT_CONVERSION = YES;
				CLANG_WARN_DEPRECATED_OBJC_IMPLEMENTATIONS = YES;
				CLANG_WARN_DIRECT_OBJC_ISA_USAGE = YES_ERROR;
				CLANG_WARN_DOCUMENTATION_COMMENTS = YES;
				CLANG_WARN_EMPTY_BODY = YES;
				CLANG_WARN_ENUM_CONVERSION = YES;
				CLANG_WARN_INFINITE_RECURSION = YES;
				CLANG_WARN_INT_CONVERSION = YES;
				CLANG_WARN_NON_LITERAL_NULL_CONVERSION = YES;
				CLANG_WARN_OBJC_IMPLICIT_RETAIN_SELF = YES;
				CLANG_WARN_OBJC_LITERAL_CONVERSION = YES;
				CLANG_WARN_OBJC_ROOT_CLASS = YES_ERROR;
				CLANG_WARN_QUOTED_INCLUDE_IN_FRAMEWORK_HEADER = YES;
				CLANG_WARN_RANGE_LOOP_ANALYSIS = YES;
				CLANG_WARN_STRICT_PROTOTYPES = YES;
				CLANG_WARN_SUSPICIOUS_MOVE = YES;
				CLANG_WARN_UNGUARDED_AVAILABILITY = YES_AGGRESSIVE;
				CLANG_WARN_UNREACHABLE_CODE = YES;
				CLANG_WARN__DUPLICATE_METHOD_MATCH = YES;
				COPY_PHASE_STRIP = NO;
				DEBUG_INFORMATION_FORMAT = "dwarf-with-dsym";
				ENABLE_NS_ASSERTIONS = NO;
				ENABLE_STRICT_OBJC_MSGSEND = YES;
				ENABLE_USER_SCRIPT_SANDBOXING = YES;
				GCC_C_LANGUAGE_STANDARD = gnu17;
				GCC_NO_COMMON_BLOCKS = YES;
				GCC_WARN_64_TO_32_BIT_CONVERSION = YES;
				GCC_WARN_ABOUT_RETURN_TYPE = YES_ERROR;
				GCC_WARN_UNDECLARED_SELECTOR = YES;
				GCC_WARN_UNINITIALIZED_AUTOS = YES_AGGRESSIVE;
				GCC_WARN_UNUSED_FUNCTION = YES;
				GCC_WARN_UNUSED_VARIABLE = YES;
				IPHONEOS_DEPLOYMENT_TARGET = 17.0;
				LOCALIZATION_PREFERS_STRING_CATALOGS = YES;
				MTL_ENABLE_DEBUG_INFO = NO;
				MTL_FAST_MATH = YES;
				SDKROOT = iphoneos;
				SWIFT_COMPILATION_MODE = wholemodule;
				VALIDATE_PRODUCT = YES;
			};
			name = Release;
		};
		5598F4532B1101000063E864 /* Debug */ = {
			isa = XCBuildConfiguration;
			buildSettings = {
				ASSETCATALOG_COMPILER_APPICON_NAME = AppIcon;
				ASSETCATALOG_COMPILER_GLOBAL_ACCENT_COLOR_NAME = AccentColor;
				CODE_SIGN_STYLE = Automatic;
				CURRENT_PROJECT_VERSION = 1;
				DEVELOPMENT_ASSET_PATHS = "\"NameCardIOS/Preview Content\"";
				DEVELOPMENT_TEAM = 62YVXZ239T;
				ENABLE_PREVIEWS = YES;
				GENERATE_INFOPLIST_FILE = YES;
				INFOPLIST_FILE = NameCardIOS/Info.plist;
				INFOPLIST_KEY_NSCameraUsageDescription = "The app will use the camera to take photos of name card";
				INFOPLIST_KEY_UIApplicationSceneManifest_Generation = YES;
				INFOPLIST_KEY_UIApplicationSupportsIndirectInputEvents = YES;
				INFOPLIST_KEY_UILaunchScreen_Generation = YES;
				INFOPLIST_KEY_UISupportedInterfaceOrientations_iPad = "UIInterfaceOrientationPortrait UIInterfaceOrientationPortraitUpsideDown UIInterfaceOrientationLandscapeLeft UIInterfaceOrientationLandscapeRight";
				INFOPLIST_KEY_UISupportedInterfaceOrientations_iPhone = "UIInterfaceOrientationPortrait UIInterfaceOrientationLandscapeLeft UIInterfaceOrientationLandscapeRight";
				IPHONEOS_DEPLOYMENT_TARGET = 17.0;
				LD_RUNPATH_SEARCH_PATHS = (
					"$(inherited)",
					"@executable_path/Frameworks",
				);
				MARKETING_VERSION = 1.0;
				PRODUCT_BUNDLE_IDENTIFIER = dev.measna.namecard;
				PRODUCT_NAME = "$(TARGET_NAME)";
				SWIFT_EMIT_LOC_STRINGS = YES;
				SWIFT_VERSION = 5.0;
				TARGETED_DEVICE_FAMILY = "1,2";
			};
			name = Debug;
		};
		5598F4542B1101000063E864 /* Release */ = {
			isa = XCBuildConfiguration;
			buildSettings = {
				ASSETCATALOG_COMPILER_APPICON_NAME = AppIcon;
				ASSETCATALOG_COMPILER_GLOBAL_ACCENT_COLOR_NAME = AccentColor;
				CODE_SIGN_STYLE = Automatic;
				CURRENT_PROJECT_VERSION = 1;
				DEVELOPMENT_ASSET_PATHS = "\"NameCardIOS/Preview Content\"";
				DEVELOPMENT_TEAM = 62YVXZ239T;
				ENABLE_PREVIEWS = YES;
				GENERATE_INFOPLIST_FILE = YES;
				INFOPLIST_FILE = NameCardIOS/Info.plist;
				INFOPLIST_KEY_NSCameraUsageDescription = "The app will use the camera to take photos of name card";
				INFOPLIST_KEY_UIApplicationSceneManifest_Generation = YES;
				INFOPLIST_KEY_UIApplicationSupportsIndirectInputEvents = YES;
				INFOPLIST_KEY_UILaunchScreen_Generation = YES;
				INFOPLIST_KEY_UISupportedInterfaceOrientations_iPad = "UIInterfaceOrientationPortrait UIInterfaceOrientationPortraitUpsideDown UIInterfaceOrientationLandscapeLeft UIInterfaceOrientationLandscapeRight";
				INFOPLIST_KEY_UISupportedInterfaceOrientations_iPhone = "UIInterfaceOrientationPortrait UIInterfaceOrientationLandscapeLeft UIInterfaceOrientationLandscapeRight";
				IPHONEOS_DEPLOYMENT_TARGET = 17.0;
				LD_RUNPATH_SEARCH_PATHS = (
					"$(inherited)",
					"@executable_path/Frameworks",
				);
				MARKETING_VERSION = 1.0;
				PRODUCT_BUNDLE_IDENTIFIER = dev.measna.namecard;
				PRODUCT_NAME = "$(TARGET_NAME)";
				SWIFT_EMIT_LOC_STRINGS = YES;
				SWIFT_VERSION = 5.0;
				TARGETED_DEVICE_FAMILY = "1,2";
			};
			name = Release;
		};
		5598F4562B1101000063E864 /* Debug */ = {
			isa = XCBuildConfiguration;
			buildSettings = {
				ALWAYS_EMBED_SWIFT_STANDARD_LIBRARIES = YES;
				BUNDLE_LOADER = "$(TEST_HOST)";
				CODE_SIGN_STYLE = Automatic;
				CURRENT_PROJECT_VERSION = 1;
				GENERATE_INFOPLIST_FILE = YES;
				IPHONEOS_DEPLOYMENT_TARGET = 17.0;
				MARKETING_VERSION = 1.0;
				PRODUCT_BUNDLE_IDENTIFIER = com.appskhmer.NameCardIOSTests;
				PRODUCT_NAME = "$(TARGET_NAME)";
				SWIFT_EMIT_LOC_STRINGS = NO;
				SWIFT_VERSION = 5.0;
				TARGETED_DEVICE_FAMILY = "1,2";
				TEST_HOST = "$(BUILT_PRODUCTS_DIR)/NameCardIOS.app/$(BUNDLE_EXECUTABLE_FOLDER_PATH)/NameCardIOS";
			};
			name = Debug;
		};
		5598F4572B1101000063E864 /* Release */ = {
			isa = XCBuildConfiguration;
			buildSettings = {
				ALWAYS_EMBED_SWIFT_STANDARD_LIBRARIES = YES;
				BUNDLE_LOADER = "$(TEST_HOST)";
				CODE_SIGN_STYLE = Automatic;
				CURRENT_PROJECT_VERSION = 1;
				GENERATE_INFOPLIST_FILE = YES;
				IPHONEOS_DEPLOYMENT_TARGET = 17.0;
				MARKETING_VERSION = 1.0;
				PRODUCT_BUNDLE_IDENTIFIER = com.appskhmer.NameCardIOSTests;
				PRODUCT_NAME = "$(TARGET_NAME)";
				SWIFT_EMIT_LOC_STRINGS = NO;
				SWIFT_VERSION = 5.0;
				TARGETED_DEVICE_FAMILY = "1,2";
				TEST_HOST = "$(BUILT_PRODUCTS_DIR)/NameCardIOS.app/$(BUNDLE_EXECUTABLE_FOLDER_PATH)/NameCardIOS";
			};
			name = Release;
		};
		5598F4592B1101000063E864 /* Debug */ = {
			isa = XCBuildConfiguration;
			buildSettings = {
				ALWAYS_EMBED_SWIFT_STANDARD_LIBRARIES = YES;
				CODE_SIGN_STYLE = Automatic;
				CURRENT_PROJECT_VERSION = 1;
				GENERATE_INFOPLIST_FILE = YES;
				MARKETING_VERSION = 1.0;
				PRODUCT_BUNDLE_IDENTIFIER = com.appskhmer.NameCardIOSUITests;
				PRODUCT_NAME = "$(TARGET_NAME)";
				SWIFT_EMIT_LOC_STRINGS = NO;
				SWIFT_VERSION = 5.0;
				TARGETED_DEVICE_FAMILY = "1,2";
				TEST_TARGET_NAME = NameCardIOS;
			};
			name = Debug;
		};
		5598F45A2B1101000063E864 /* Release */ = {
			isa = XCBuildConfiguration;
			buildSettings = {
				ALWAYS_EMBED_SWIFT_STANDARD_LIBRARIES = YES;
				CODE_SIGN_STYLE = Automatic;
				CURRENT_PROJECT_VERSION = 1;
				GENERATE_INFOPLIST_FILE = YES;
				MARKETING_VERSION = 1.0;
				PRODUCT_BUNDLE_IDENTIFIER = com.appskhmer.NameCardIOSUITests;
				PRODUCT_NAME = "$(TARGET_NAME)";
				SWIFT_EMIT_LOC_STRINGS = NO;
				SWIFT_VERSION = 5.0;
				TARGETED_DEVICE_FAMILY = "1,2";
				TEST_TARGET_NAME = NameCardIOS;
			};
			name = Release;
		};
/* End XCBuildConfiguration section */

/* Begin XCConfigurationList section */
		5598F4292B1100FE0063E864 /* Build configuration list for PBXProject "NameCardIOS" */ = {
			isa = XCConfigurationList;
			buildConfigurations = (
				5598F4502B1101000063E864 /* Debug */,
				5598F4512B1101000063E864 /* Release */,
			);
			defaultConfigurationIsVisible = 0;
			defaultConfigurationName = Release;
		};
		5598F4522B1101000063E864 /* Build configuration list for PBXNativeTarget "NameCardIOS" */ = {
			isa = XCConfigurationList;
			buildConfigurations = (
				5598F4532B1101000063E864 /* Debug */,
				5598F4542B1101000063E864 /* Release */,
			);
			defaultConfigurationIsVisible = 0;
			defaultConfigurationName = Release;
		};
		5598F4552B1101000063E864 /* Build configuration list for PBXNativeTarget "NameCardIOSTests" */ = {
			isa = XCConfigurationList;
			buildConfigurations = (
				5598F4562B1101000063E864 /* Debug */,
				5598F4572B1101000063E864 /* Release */,
			);
			defaultConfigurationIsVisible = 0;
			defaultConfigurationName = Release;
		};
		5598F4582B1101000063E864 /* Build configuration list for PBXNativeTarget "NameCardIOSUITests" */ = {
			isa = XCConfigurationList;
			buildConfigurations = (
				5598F4592B1101000063E864 /* Debug */,
				5598F45A2B1101000063E864 /* Release */,
			);
			defaultConfigurationIsVisible = 0;
			defaultConfigurationName = Release;
		};
/* End XCConfigurationList section */

/* Begin XCRemoteSwiftPackageReference section */
		5549CF0F2B2952D40022D861 /* XCRemoteSwiftPackageReference "WeScan" */ = {
			isa = XCRemoteSwiftPackageReference;
			repositoryURL = "https://github.com/WeTransfer/WeScan.git";
			requirement = {
				kind = upToNextMajorVersion;
				minimumVersion = 3.0.0;
			};
		};
/* End XCRemoteSwiftPackageReference section */

/* Begin XCSwiftPackageProductDependency section */
		5549CF102B2952D40022D861 /* WeScan */ = {
			isa = XCSwiftPackageProductDependency;
			package = 5549CF0F2B2952D40022D861 /* XCRemoteSwiftPackageReference "WeScan" */;
			productName = WeScan;
		};
/* End XCSwiftPackageProductDependency section */
	};
	rootObject = 5598F4262B1100FE0063E864 /* Project object */;
}
